{
  "name": "rururu273",
  "version": "1.0.0",
  "lockfileVersion": 3,
  "requires": true,
  "packages": {
    "": {
      "name": "rururu273",
      "version": "1.0.0",
      "license": "ISC",
      "dependencies": {
        "@hono/node-server": "^1.14.1",
        "hono": "^4.7.7"
      }
    },
    "node_modules/@hono/node-server": {
      "version": "1.14.1",
      "resolved": "https://registry.npmjs.org/@hono/node-server/-/node-server-1.14.1.tgz",
      "integrity": "sha512-vmbuM+HPinjWzPe7FFPWMMQMsbKE9gDPhaH0FFdqbGpkT5lp++tcWDTxwBl5EgS5y6JVgIaCdjeHRfQ4XRBRjQ==",
      "license": "MIT",
      "engines": {
        "node": ">=18.14.1"
      },
      "peerDependencies": {
        "hono": "^4"
      }
    },
    "node_modules/hono": {
      "version": "4.7.7",
      "resolved": "https://registry.npmjs.org/hono/-/hono-4.7.7.tgz",
      "integrity": "sha512-2PCpQRbN87Crty8/L/7akZN3UyZIAopSoRxCwRbJgUuV1+MHNFHzYFxZTg4v/03cXUm+jce/qa2VSBZpKBm3Qw==",
      "license": "MIT",
      "engines": {
        "node": ">=16.9.0"
      }
    }
  }
}
