{
  "name": "ctf-todo-app-hands-on-2025",
  "version": "1.0.0",
  "lockfileVersion": 3,
  "requires": true,
  "packages": {
    "": {
      "name": "ctf-todo-app-hands-on-2025",
      "version": "1.0.0",
      "license": "ISC",
      "dependencies": {
        "@hono/node-server": "^1.14.1",
        "@hono/valibot-validator": "^0.5.2",
        "hono": "^4.7.7",
        "valibot": "^1.0.0"
      }
    },
    "node_modules/@hono/node-server": {
      "version": "1.14.1",
      "resolved": "https://registry.npmjs.org/@hono/node-server/-/node-server-1.14.1.tgz",
      "integrity": "sha512-vmbuM+HPinjWzPe7FFPWMMQMsbKE9gDPhaH0FFdqbGpkT5lp++tcWDTxwBl5EgS5y6JVgIaCdjeHRfQ4XRBRjQ==",
      "license": "MIT",
      "engines": {
        "node": ">=18.14.1"
      },
      "peerDependencies": {
        "hono": "^4"
      }
    },
    "node_modules/@hono/valibot-validator": {
      "version": "0.5.2",
      "resolved": "https://registry.npmjs.org/@hono/valibot-validator/-/valibot-validator-0.5.2.tgz",
      "integrity": "sha512-WbTr8PCFNAME0ale62rmmq+E8bGp5a7VPiVNmNT+Ue12GJE3Ax+CWBGtHhR0TzAEiloPvJND3IbjHIgtNtsqhw==",
      "license": "MIT",
      "peerDependencies": {
        "hono": ">=3.9.0",
        "valibot": "^1.0.0 || ^1.0.0-beta.4 || ^1.0.0-rc"
      }
    },
    "node_modules/hono": {
      "version": "4.7.7",
      "resolved": "https://registry.npmjs.org/hono/-/hono-4.7.7.tgz",
      "integrity": "sha512-2PCpQRbN87Crty8/L/7akZN3UyZIAopSoRxCwRbJgUuV1+MHNFHzYFxZTg4v/03cXUm+jce/qa2VSBZpKBm3Qw==",
      "license": "MIT",
      "engines": {
        "node": ">=16.9.0"
      }
    },
    "node_modules/valibot": {
      "version": "1.0.0",
      "resolved": "https://registry.npmjs.org/valibot/-/valibot-1.0.0.tgz",
      "integrity": "sha512-1Hc0ihzWxBar6NGeZv7fPLY0QuxFMyxwYR2sF1Blu7Wq7EnremwY2W02tit2ij2VJT8HcSkHAQqmFfl77f73Yw==",
      "license": "MIT",
      "peerDependencies": {
        "typescript": ">=5"
      },
      "peerDependenciesMeta": {
        "typescript": {
          "optional": true
        }
      }
    }
  }
}
